
Microsoft Visual Studio Solution File, Format Version 12.00
# Visual Studio Version 17
VisualStudioVersion = 17.7.34221.43
MinimumVisualStudioVersion = 10.0.40219.1
Project("{8BC9CEB8-8B4A-11D0-8D11-00A0C91BC942}") = "num1", "num1\num1.vcxproj", "{827C9CCC-0130-4BF8-83A9-4AC356B92ABA}"
EndProject
Project("{8BC9CEB8-8B4A-11D0-8D11-00A0C91BC942}") = "num2", "num2\num2.vcxproj", "{C6CD74F7-F31B-4248-B01C-AFB7F09ECE0C}"
EndProject
Project("{8BC9CEB8-8B4A-11D0-8D11-00A0C91BC942}") = "num3", "num3\num3.vcxproj", "{6AC670CA-85DE-4A5A-BF60-B9863ECFFACF}"
EndProject
Project("{8BC9CEB8-8B4A-11D0-8D11-00A0C91BC942}") = "num4", "num4\num4.vcxproj", "{34855348-E73C-484A-8D4E-06CAD0109B8E}"
EndProject
Project("{8BC9CEB8-8B4A-11D0-8D11-00A0C91BC942}") = "num5", "num5\num5.vcxproj", "{CDAF0423-C5F3-4E92-9456-243BCCEF8A9D}"
EndProject
Project("{8BC9CEB8-8B4A-11D0-8D11-00A0C91BC942}") = "num6", "num6\num6.vcxproj", "{D22D1E13-8973-4ADD-B834-27AEEF72DDA2}"
EndProject
Project("{8BC9CEB8-8B4A-11D0-8D11-00A0C91BC942}") = "num7", "num7\num7.vcxproj", "{FF08EA11-0C0E-4C57-9F27-004218DA3129}"
EndProject
Project("{8BC9CEB8-8B4A-11D0-8D11-00A0C91BC942}") = "num8", "num8\num8.vcxproj", "{AB6A2889-C07E-4F8B-A251-1278F4BD9B2F}"
EndProject
Project("{8BC9CEB8-8B4A-11D0-8D11-00A0C91BC942}") = "num9", "num9\num9.vcxproj", "{4E53B06D-699E-44AE-ADC5-6357C883B676}"
EndProject
Project("{8BC9CEB8-8B4A-11D0-8D11-00A0C91BC942}") = "num10", "num10\num10.vcxproj", "{AE3C2B28-74F4-43BE-A57E-9463334B6BEC}"
EndProject
Global
	GlobalSection(SolutionConfigurationPlatforms) = preSolution
		Debug|x64 = Debug|x64
		Debug|x86 = Debug|x86
		Release|x64 = Release|x64
		Release|x86 = Release|x86
	EndGlobalSection
	GlobalSection(ProjectConfigurationPlatforms) = postSolution
		{827C9CCC-0130-4BF8-83A9-4AC356B92ABA}.Debug|x64.ActiveCfg = Debug|x64
		{827C9CCC-0130-4BF8-83A9-4AC356B92ABA}.Debug|x64.Build.0 = Debug|x64
		{827C9CCC-0130-4BF8-83A9-4AC356B92ABA}.Debug|x86.ActiveCfg = Debug|Win32
		{827C9CCC-0130-4BF8-83A9-4AC356B92ABA}.Debug|x86.Build.0 = Debug|Win32
		{827C9CCC-0130-4BF8-83A9-4AC356B92ABA}.Release|x64.ActiveCfg = Release|x64
		{827C9CCC-0130-4BF8-83A9-4AC356B92ABA}.Release|x64.Build.0 = Release|x64
		{827C9CCC-0130-4BF8-83A9-4AC356B92ABA}.Release|x86.ActiveCfg = Release|Win32
		{827C9CCC-0130-4BF8-83A9-4AC356B92ABA}.Release|x86.Build.0 = Release|Win32
		{C6CD74F7-F31B-4248-B01C-AFB7F09ECE0C}.Debug|x64.ActiveCfg = Debug|x64
		{C6CD74F7-F31B-4248-B01C-AFB7F09ECE0C}.Debug|x64.Build.0 = Debug|x64
		{C6CD74F7-F31B-4248-B01C-AFB7F09ECE0C}.Debug|x86.ActiveCfg = Debug|Win32
		{C6CD74F7-F31B-4248-B01C-AFB7F09ECE0C}.Debug|x86.Build.0 = Debug|Win32
		{C6CD74F7-F31B-4248-B01C-AFB7F09ECE0C}.Release|x64.ActiveCfg = Release|x64
		{C6CD74F7-F31B-4248-B01C-AFB7F09ECE0C}.Release|x64.Build.0 = Release|x64
		{C6CD74F7-F31B-4248-B01C-AFB7F09ECE0C}.Release|x86.ActiveCfg = Release|Win32
		{C6CD74F7-F31B-4248-B01C-AFB7F09ECE0C}.Release|x86.Build.0 = Release|Win32
		{6AC670CA-85DE-4A5A-BF60-B9863ECFFACF}.Debug|x64.ActiveCfg = Debug|x64
		{6AC670CA-85DE-4A5A-BF60-B9863ECFFACF}.Debug|x64.Build.0 = Debug|x64
		{6AC670CA-85DE-4A5A-BF60-B9863ECFFACF}.Debug|x86.ActiveCfg = Debug|Win32
		{6AC670CA-85DE-4A5A-BF60-B9863ECFFACF}.Debug|x86.Build.0 = Debug|Win32
		{6AC670CA-85DE-4A5A-BF60-B9863ECFFACF}.Release|x64.ActiveCfg = Release|x64
		{6AC670CA-85DE-4A5A-BF60-B9863ECFFACF}.Release|x64.Build.0 = Release|x64
		{6AC670CA-85DE-4A5A-BF60-B9863ECFFACF}.Release|x86.ActiveCfg = Release|Win32
		{6AC670CA-85DE-4A5A-BF60-B9863ECFFACF}.Release|x86.Build.0 = Release|Win32
		{34855348-E73C-484A-8D4E-06CAD0109B8E}.Debug|x64.ActiveCfg = Debug|x64
		{34855348-E73C-484A-8D4E-06CAD0109B8E}.Debug|x64.Build.0 = Debug|x64
		{34855348-E73C-484A-8D4E-06CAD0109B8E}.Debug|x86.ActiveCfg = Debug|Win32
		{34855348-E73C-484A-8D4E-06CAD0109B8E}.Debug|x86.Build.0 = Debug|Win32
		{34855348-E73C-484A-8D4E-06CAD0109B8E}.Release|x64.ActiveCfg = Release|x64
		{34855348-E73C-484A-8D4E-06CAD0109B8E}.Release|x64.Build.0 = Release|x64
		{34855348-E73C-484A-8D4E-06CAD0109B8E}.Release|x86.ActiveCfg = Release|Win32
		{34855348-E73C-484A-8D4E-06CAD0109B8E}.Release|x86.Build.0 = Release|Win32
		{CDAF0423-C5F3-4E92-9456-243BCCEF8A9D}.Debug|x64.ActiveCfg = Debug|x64
		{CDAF0423-C5F3-4E92-9456-243BCCEF8A9D}.Debug|x64.Build.0 = Debug|x64
		{CDAF0423-C5F3-4E92-9456-243BCCEF8A9D}.Debug|x86.ActiveCfg = Debug|Win32
		{CDAF0423-C5F3-4E92-9456-243BCCEF8A9D}.Debug|x86.Build.0 = Debug|Win32
		{CDAF0423-C5F3-4E92-9456-243BCCEF8A9D}.Release|x64.ActiveCfg = Release|x64
		{CDAF0423-C5F3-4E92-9456-243BCCEF8A9D}.Release|x64.Build.0 = Release|x64
		{CDAF0423-C5F3-4E92-9456-243BCCEF8A9D}.Release|x86.ActiveCfg = Release|Win32
		{CDAF0423-C5F3-4E92-9456-243BCCEF8A9D}.Release|x86.Build.0 = Release|Win32
		{D22D1E13-8973-4ADD-B834-27AEEF72DDA2}.Debug|x64.ActiveCfg = Debug|x64
		{D22D1E13-8973-4ADD-B834-27AEEF72DDA2}.Debug|x64.Build.0 = Debug|x64
		{D22D1E13-8973-4ADD-B834-27AEEF72DDA2}.Debug|x86.ActiveCfg = Debug|Win32
		{D22D1E13-8973-4ADD-B834-27AEEF72DDA2}.Debug|x86.Build.0 = Debug|Win32
		{D22D1E13-8973-4ADD-B834-27AEEF72DDA2}.Release|x64.ActiveCfg = Release|x64
		{D22D1E13-8973-4ADD-B834-27AEEF72DDA2}.Release|x64.Build.0 = Release|x64
		{D22D1E13-8973-4ADD-B834-27AEEF72DDA2}.Release|x86.ActiveCfg = Release|Win32
		{D22D1E13-8973-4ADD-B834-27AEEF72DDA2}.Release|x86.Build.0 = Release|Win32
		{FF08EA11-0C0E-4C57-9F27-004218DA3129}.Debug|x64.ActiveCfg = Debug|x64
		{FF08EA11-0C0E-4C57-9F27-004218DA3129}.Debug|x64.Build.0 = Debug|x64
		{FF08EA11-0C0E-4C57-9F27-004218DA3129}.Debug|x86.ActiveCfg = Debug|Win32
		{FF08EA11-0C0E-4C57-9F27-004218DA3129}.Debug|x86.Build.0 = Debug|Win32
		{FF08EA11-0C0E-4C57-9F27-004218DA3129}.Release|x64.ActiveCfg = Release|x64
		{FF08EA11-0C0E-4C57-9F27-004218DA3129}.Release|x64.Build.0 = Release|x64
		{FF08EA11-0C0E-4C57-9F27-004218DA3129}.Release|x86.ActiveCfg = Release|Win32
		{FF08EA11-0C0E-4C57-9F27-004218DA3129}.Release|x86.Build.0 = Release|Win32
		{AB6A2889-C07E-4F8B-A251-1278F4BD9B2F}.Debug|x64.ActiveCfg = Debug|x64
		{AB6A2889-C07E-4F8B-A251-1278F4BD9B2F}.Debug|x64.Build.0 = Debug|x64
		{AB6A2889-C07E-4F8B-A251-1278F4BD9B2F}.Debug|x86.ActiveCfg = Debug|Win32
		{AB6A2889-C07E-4F8B-A251-1278F4BD9B2F}.Debug|x86.Build.0 = Debug|Win32
		{AB6A2889-C07E-4F8B-A251-1278F4BD9B2F}.Release|x64.ActiveCfg = Release|x64
		{AB6A2889-C07E-4F8B-A251-1278F4BD9B2F}.Release|x64.Build.0 = Release|x64
		{AB6A2889-C07E-4F8B-A251-1278F4BD9B2F}.Release|x86.ActiveCfg = Release|Win32
		{AB6A2889-C07E-4F8B-A251-1278F4BD9B2F}.Release|x86.Build.0 = Release|Win32
		{4E53B06D-699E-44AE-ADC5-6357C883B676}.Debug|x64.ActiveCfg = Debug|x64
		{4E53B06D-699E-44AE-ADC5-6357C883B676}.Debug|x64.Build.0 = Debug|x64
		{4E53B06D-699E-44AE-ADC5-6357C883B676}.Debug|x86.ActiveCfg = Debug|Win32
		{4E53B06D-699E-44AE-ADC5-6357C883B676}.Debug|x86.Build.0 = Debug|Win32
		{4E53B06D-699E-44AE-ADC5-6357C883B676}.Release|x64.ActiveCfg = Release|x64
		{4E53B06D-699E-44AE-ADC5-6357C883B676}.Release|x64.Build.0 = Release|x64
		{4E53B06D-699E-44AE-ADC5-6357C883B676}.Release|x86.ActiveCfg = Release|Win32
		{4E53B06D-699E-44AE-ADC5-6357C883B676}.Release|x86.Build.0 = Release|Win32
		{AE3C2B28-74F4-43BE-A57E-9463334B6BEC}.Debug|x64.ActiveCfg = Debug|x64
		{AE3C2B28-74F4-43BE-A57E-9463334B6BEC}.Debug|x64.Build.0 = Debug|x64
		{AE3C2B28-74F4-43BE-A57E-9463334B6BEC}.Debug|x86.ActiveCfg = Debug|Win32
		{AE3C2B28-74F4-43BE-A57E-9463334B6BEC}.Debug|x86.Build.0 = Debug|Win32
		{AE3C2B28-74F4-43BE-A57E-9463334B6BEC}.Release|x64.ActiveCfg = Release|x64
		{AE3C2B28-74F4-43BE-A57E-9463334B6BEC}.Release|x64.Build.0 = Release|x64
		{AE3C2B28-74F4-43BE-A57E-9463334B6BEC}.Release|x86.ActiveCfg = Release|Win32
		{AE3C2B28-74F4-43BE-A57E-9463334B6BEC}.Release|x86.Build.0 = Release|Win32
	EndGlobalSection
	GlobalSection(SolutionProperties) = preSolution
		HideSolutionNode = FALSE
	EndGlobalSection
	GlobalSection(ExtensibilityGlobals) = postSolution
		SolutionGuid = {16E98F60-169A-4EAB-A1F9-E0BBDBBB8FA6}
	EndGlobalSection
EndGlobal
